
Microsoft Visual Studio Solution File, Format Version 12.00
# Visual Studio Version 16
VisualStudioVersion = 16.0.30104.148
MinimumVisualStudioVersion = 10.0.40219.1
Project("{00D1A9C2-B5F0-4AF3-8072-F6C62B433612}") = "USR_DEV", "USR_DEV.sqlproj", "{5007E736-69C8-4EF9-AAAA-8D00BA15CB03}"
EndProject
Project("{00D1A9C2-B5F0-4AF3-8072-F6C62B433612}") = "ChangeTracking", "..\ChangeTracking\ChangeTracking.sqlproj", "{C6C25BBB-302B-4376-AA4C-D9ADE4CF7EEE}"
EndProject
Global
	GlobalSection(SolutionConfigurationPlatforms) = preSolution
		Debug|Any CPU = Debug|Any CPU
		Release|Any CPU = Release|Any CPU
	EndGlobalSection
	GlobalSection(ProjectConfigurationPlatforms) = postSolution
		{5007E736-69C8-4EF9-AAAA-8D00BA15CB03}.Debug|Any CPU.ActiveCfg = Debug|Any CPU
		{5007E736-69C8-4EF9-AAAA-8D00BA15CB03}.Debug|Any CPU.Build.0 = Debug|Any CPU
		{5007E736-69C8-4EF9-AAAA-8D00BA15CB03}.Debug|Any CPU.Deploy.0 = Debug|Any CPU
		{5007E736-69C8-4EF9-AAAA-8D00BA15CB03}.Release|Any CPU.ActiveCfg = Release|Any CPU
		{5007E736-69C8-4EF9-AAAA-8D00BA15CB03}.Release|Any CPU.Build.0 = Release|Any CPU
		{5007E736-69C8-4EF9-AAAA-8D00BA15CB03}.Release|Any CPU.Deploy.0 = Release|Any CPU
		{C6C25BBB-302B-4376-AA4C-D9ADE4CF7EEE}.Debug|Any CPU.ActiveCfg = Debug|Any CPU
		{C6C25BBB-302B-4376-AA4C-D9ADE4CF7EEE}.Debug|Any CPU.Build.0 = Debug|Any CPU
		{C6C25BBB-302B-4376-AA4C-D9ADE4CF7EEE}.Debug|Any CPU.Deploy.0 = Debug|Any CPU
		{C6C25BBB-302B-4376-AA4C-D9ADE4CF7EEE}.Release|Any CPU.ActiveCfg = Release|Any CPU
		{C6C25BBB-302B-4376-AA4C-D9ADE4CF7EEE}.Release|Any CPU.Build.0 = Release|Any CPU
		{C6C25BBB-302B-4376-AA4C-D9ADE4CF7EEE}.Release|Any CPU.Deploy.0 = Release|Any CPU
	EndGlobalSection
	GlobalSection(SolutionProperties) = preSolution
		HideSolutionNode = FALSE
	EndGlobalSection
	GlobalSection(ExtensibilityGlobals) = postSolution
		SolutionGuid = {0AE2754F-8B4A-4AB6-85D5-B035C767EC1E}
	EndGlobalSection
EndGlobal
